
Microsoft Visual Studio Solution File, Format Version 12.00
# Visual Studio 14
VisualStudioVersion = 14.0.23107.0
MinimumVisualStudioVersion = 10.0.40219.1
Project("{FAE04EC0-301F-11D3-BF4B-00C04F79EFBC}") = "Example1", "Example1\Example1.csproj", "{24138890-A134-4BBA-B88D-90A571EFDE90}"
EndProject
Project("{FAE04EC0-301F-11D3-BF4B-00C04F79EFBC}") = "GlowingBrain.Json", "GlowingBrain.Json\GlowingBrain.Json.csproj", "{62C3CDEF-5186-4E3C-B7EB-939DDD6C2FB7}"
EndProject
Project("{FAE04EC0-301F-11D3-BF4B-00C04F79EFBC}") = "GlowingBrain.Utilities.JsonPrettyPrint", "GlowingBrain.Utilities.JsonPrettyPrint\GlowingBrain.Utilities.JsonPrettyPrint.csproj", "{185124D2-7C9E-4BA8-90FF-C8A34C69D96F}"
EndProject
Global
	GlobalSection(SolutionConfigurationPlatforms) = preSolution
		Debug|Any CPU = Debug|Any CPU
		Release|Any CPU = Release|Any CPU
	EndGlobalSection
	GlobalSection(ProjectConfigurationPlatforms) = postSolution
		{24138890-A134-4BBA-B88D-90A571EFDE90}.Debug|Any CPU.ActiveCfg = Debug|Any CPU
		{24138890-A134-4BBA-B88D-90A571EFDE90}.Debug|Any CPU.Build.0 = Debug|Any CPU
		{24138890-A134-4BBA-B88D-90A571EFDE90}.Release|Any CPU.ActiveCfg = Release|Any CPU
		{24138890-A134-4BBA-B88D-90A571EFDE90}.Release|Any CPU.Build.0 = Release|Any CPU
		{62C3CDEF-5186-4E3C-B7EB-939DDD6C2FB7}.Debug|Any CPU.ActiveCfg = Debug|Any CPU
		{62C3CDEF-5186-4E3C-B7EB-939DDD6C2FB7}.Debug|Any CPU.Build.0 = Debug|Any CPU
		{62C3CDEF-5186-4E3C-B7EB-939DDD6C2FB7}.Release|Any CPU.ActiveCfg = Release|Any CPU
		{62C3CDEF-5186-4E3C-B7EB-939DDD6C2FB7}.Release|Any CPU.Build.0 = Release|Any CPU
		{185124D2-7C9E-4BA8-90FF-C8A34C69D96F}.Debug|Any CPU.ActiveCfg = Debug|Any CPU
		{185124D2-7C9E-4BA8-90FF-C8A34C69D96F}.Debug|Any CPU.Build.0 = Debug|Any CPU
		{185124D2-7C9E-4BA8-90FF-C8A34C69D96F}.Release|Any CPU.ActiveCfg = Release|Any CPU
		{185124D2-7C9E-4BA8-90FF-C8A34C69D96F}.Release|Any CPU.Build.0 = Release|Any CPU
	EndGlobalSection
	GlobalSection(SolutionProperties) = preSolution
		HideSolutionNode = FALSE
	EndGlobalSection
EndGlobal
